// !$*UTF8*$!
{
	archiveVersion = 1;
	classes = {
	};
	objectVersion = 77;
	objects = {

/* Begin PBXFileSystemSynchronizedRootGroup section */
		A1000010 /* Sudoku */ = {
			isa = PBXFileSystemSynchronizedRootGroup;
			path = Sudoku;
			sourceTree = "<group>";
		};
		A1000210 /* SudokuUITests */ = {
			isa = PBXFileSystemSynchronizedRootGroup;
			path = SudokuUITests;
			sourceTree = "<group>";
		};
		A1000110 /* SudokuWidgets */ = {
			isa = PBXFileSystemSynchronizedRootGroup;
			exceptions = (
				A1000111 /* Exceptions */,
			);
			path = SudokuWidgets;
			sourceTree = "<group>";
		};
/* End PBXFileSystemSynchronizedRootGroup section */

/* Begin PBXFileSystemSynchronizedBuildFileExceptionSet section */
		A1000111 /* Exceptions */ = {
			isa = PBXFileSystemSynchronizedBuildFileExceptionSet;
			membershipExceptions = (
				Info.plist,
			);
			target = A1000140 /* SudokuWidgets */;
		};
/* End PBXFileSystemSynchronizedBuildFileExceptionSet section */

/* Begin PBXFileReference section */
		A1000020 /* Sudoku.app */ = {isa = PBXFileReference; explicitFileType = wrapper.application; includeInIndex = 0; path = Sudoku.app; sourceTree = BUILT_PRODUCTS_DIR; };
		A1000220 /* SudokuUITests.xctest */ = {isa = PBXFileReference; explicitFileType = wrapper.cfbundle; includeInIndex = 0; path = SudokuUITests.xctest; sourceTree = BUILT_PRODUCTS_DIR; };
		A1000120 /* SudokuWidgets.appex */ = {isa = PBXFileReference; explicitFileType = "wrapper.app-extension"; includeInIndex = 0; path = SudokuWidgets.appex; sourceTree = BUILT_PRODUCTS_DIR; };
/* End PBXFileReference section */

/* Begin PBXFrameworksBuildPhase section */
		A1000030 /* Frameworks */ = {
			isa = PBXFrameworksBuildPhase;
			buildActionMask = 2147483647;
			files = (
				A1000061 /* SudokuUI in Frameworks */,
				A1000062 /* SudokuKit in Frameworks */,
				A1000063 /* SudokuGameCenter in Frameworks */,
				A1000064 /* SudokuSync in Frameworks */,
			);
			runOnlyForDeploymentPostprocessing = 0;
		};
		A1000242 /* Frameworks */ = {
			isa = PBXFrameworksBuildPhase;
			buildActionMask = 2147483647;
			files = (
			);
			runOnlyForDeploymentPostprocessing = 0;
		};
		A1000142 /* Frameworks */ = {
			isa = PBXFrameworksBuildPhase;
			buildActionMask = 2147483647;
			files = (
				A1000122 /* SudokuKit in Frameworks */,
			);
			runOnlyForDeploymentPostprocessing = 0;
		};
/* End PBXFrameworksBuildPhase section */

/* Begin PBXBuildFile section */
		A1000061 /* SudokuUI in Frameworks */ = {isa = PBXBuildFile; productRef = A1000051 /* SudokuUI */; };
		A1000062 /* SudokuKit in Frameworks */ = {isa = PBXBuildFile; productRef = A1000052 /* SudokuKit */; };
		A1000063 /* SudokuGameCenter in Frameworks */ = {isa = PBXBuildFile; productRef = A1000055 /* SudokuGameCenter */; };
		A1000064 /* SudokuSync in Frameworks */ = {isa = PBXBuildFile; productRef = A1000057 /* SudokuSync */; };
		A1000121 /* SudokuWidgets.appex in Embed Foundation Extensions */ = {isa = PBXBuildFile; fileRef = A1000120 /* SudokuWidgets.appex */; platformFilters = (ios, macos, ); settings = {ATTRIBUTES = (RemoveHeadersOnCopy, ); }; };
		A1000122 /* SudokuKit in Frameworks */ = {isa = PBXBuildFile; productRef = A1000123 /* SudokuKit */; };
/* End PBXBuildFile section */

/* Begin PBXGroup section */
		A1000000 = {
			isa = PBXGroup;
			children = (
				A1000010 /* Sudoku */,
				A1000001 /* Products */,
			);
			sourceTree = "<group>";
		};
		A1000001 /* Products */ = {
			isa = PBXGroup;
			children = (
				A1000020 /* Sudoku.app */,
				A1000120 /* SudokuWidgets.appex */,
				A1000220 /* SudokuUITests.xctest */,
			);
			name = Products;
			sourceTree = "<group>";
		};
/* End PBXGroup section */

/* Begin PBXNativeTarget section */
		A1000040 /* Sudoku */ = {
			isa = PBXNativeTarget;
			buildConfigurationList = A1000082 /* Build configuration list for PBXNativeTarget "Sudoku" */;
			buildPhases = (
				A1000031 /* Sources */,
				A1000030 /* Frameworks */,
				A1000032 /* Resources */,
				A1000130 /* Embed Foundation Extensions */,
			);
			buildRules = (
			);
			dependencies = (
				A1000133 /* PBXTargetDependency */,
			);
			fileSystemSynchronizedGroups = (
				A1000010 /* Sudoku */,
			);
			name = Sudoku;
			packageProductDependencies = (
				A1000051 /* SudokuUI */,
				A1000052 /* SudokuKit */,
				A1000055 /* SudokuGameCenter */,
				A1000057 /* SudokuSync */,
			);
			productName = Sudoku;
			productReference = A1000020 /* Sudoku.app */;
			productType = "com.apple.product-type.application";
		};
		A1000140 /* SudokuWidgets */ = {
			isa = PBXNativeTarget;
			buildConfigurationList = A1000160 /* Build configuration list for PBXNativeTarget "SudokuWidgets" */;
			buildPhases = (
				A1000141 /* Sources */,
				A1000142 /* Frameworks */,
				A1000143 /* Resources */,
			);
			buildRules = (
			);
			dependencies = (
			);
			fileSystemSynchronizedGroups = (
				A1000110 /* SudokuWidgets */,
			);
			name = SudokuWidgets;
			packageProductDependencies = (
				A1000123 /* SudokuKit */,
			);
			productName = SudokuWidgets;
			productReference = A1000120 /* SudokuWidgets.appex */;
			productType = "com.apple.product-type.app-extension";
		};
		A1000240 /* SudokuUITests */ = {
			isa = PBXNativeTarget;
			buildConfigurationList = A1000260 /* Build configuration list for PBXNativeTarget "SudokuUITests" */;
			buildPhases = (
				A1000241 /* Sources */,
				A1000242 /* Frameworks */,
				A1000243 /* Resources */,
			);
			buildRules = (
			);
			dependencies = (
				A1000233 /* PBXTargetDependency */,
			);
			fileSystemSynchronizedGroups = (
				A1000210 /* SudokuUITests */,
			);
			name = SudokuUITests;
			packageProductDependencies = (
			);
			productName = SudokuUITests;
			productReference = A1000220 /* SudokuUITests.xctest */;
			productType = "com.apple.product-type.bundle.ui-testing";
		};
/* End PBXNativeTarget section */

/* Begin PBXSourcesBuildPhase section */
		A1000031 /* Sources */ = {
			isa = PBXSourcesBuildPhase;
			buildActionMask = 2147483647;
			files = (
			);
			runOnlyForDeploymentPostprocessing = 0;
		};
		A1000241 /* Sources */ = {
			isa = PBXSourcesBuildPhase;
			buildActionMask = 2147483647;
			files = (
			);
			runOnlyForDeploymentPostprocessing = 0;
		};
		A1000141 /* Sources */ = {
			isa = PBXSourcesBuildPhase;
			buildActionMask = 2147483647;
			files = (
			);
			runOnlyForDeploymentPostprocessing = 0;
		};
/* End PBXSourcesBuildPhase section */

/* Begin PBXCopyFilesBuildPhase section */
		A1000130 /* Embed Foundation Extensions */ = {
			isa = PBXCopyFilesBuildPhase;
			buildActionMask = 2147483647;
			dstPath = "";
			dstSubfolderSpec = 13;
			files = (
				A1000121 /* SudokuWidgets.appex in Embed Foundation Extensions */,
			);
			name = "Embed Foundation Extensions";
			runOnlyForDeploymentPostprocessing = 0;
		};
/* End PBXCopyFilesBuildPhase section */

/* Begin PBXTargetDependency section */
		A1000233 /* PBXTargetDependency */ = {
			isa = PBXTargetDependency;
			target = A1000040 /* Sudoku */;
			targetProxy = A1000234 /* PBXContainerItemProxy */;
		};
		A1000133 /* PBXTargetDependency */ = {
			isa = PBXTargetDependency;
			platformFilters = (
				ios,
				macos,
			);
			target = A1000140 /* SudokuWidgets */;
			targetProxy = A1000134 /* PBXContainerItemProxy */;
		};
/* End PBXTargetDependency section */

/* Begin PBXContainerItemProxy section */
		A1000234 /* PBXContainerItemProxy */ = {
			isa = PBXContainerItemProxy;
			containerPortal = A1000002 /* Project object */;
			proxyType = 1;
			remoteGlobalIDString = A1000040;
			remoteInfo = Sudoku;
		};
		A1000134 /* PBXContainerItemProxy */ = {
			isa = PBXContainerItemProxy;
			containerPortal = A1000002 /* Project object */;
			proxyType = 1;
			remoteGlobalIDString = A1000140;
			remoteInfo = SudokuWidgets;
		};
/* End PBXContainerItemProxy section */

/* Begin PBXResourcesBuildPhase section */
		A1000032 /* Resources */ = {
			isa = PBXResourcesBuildPhase;
			buildActionMask = 2147483647;
			files = (
			);
			runOnlyForDeploymentPostprocessing = 0;
		};
		A1000243 /* Resources */ = {
			isa = PBXResourcesBuildPhase;
			buildActionMask = 2147483647;
			files = (
			);
			runOnlyForDeploymentPostprocessing = 0;
		};
		A1000143 /* Resources */ = {
			isa = PBXResourcesBuildPhase;
			buildActionMask = 2147483647;
			files = (
			);
			runOnlyForDeploymentPostprocessing = 0;
		};
/* End PBXResourcesBuildPhase section */

/* Begin PBXProject section */
		A1000002 /* Project object */ = {
			isa = PBXProject;
			attributes = {
				BuildIndependentTargetsInParallel = 1;
				LastSwiftUpdateCheck = 2660;
				LastUpgradeCheck = 2660;
				TargetAttributes = {
					A1000040 = {
						CreatedOnToolsVersion = 26.6;
					};
					A1000140 = {
						CreatedOnToolsVersion = 26.6;
					};
					A1000240 = {
						CreatedOnToolsVersion = 26.6;
						TestTargetID = A1000040;
					};
				};
			};
			buildConfigurationList = A1000081 /* Build configuration list for PBXProject "Sudoku" */;
			developmentRegion = de;
			hasScannedForEncodings = 0;
			knownRegions = (
				de,
				en,
				it,
				Base,
			);
			mainGroup = A1000000;
			minimizedProjectReferenceProxies = 1;
			packageReferences = (
				A1000053 /* XCLocalSwiftPackageReference "../Packages/SudokuUI" */,
				A1000054 /* XCLocalSwiftPackageReference "../Packages/SudokuKit" */,
				A1000056 /* XCLocalSwiftPackageReference "../Packages/SudokuGameCenter" */,
				A1000058 /* XCLocalSwiftPackageReference "../Packages/SudokuSync" */,
			);
			preferredProjectObjectVersion = 77;
			productRefGroup = A1000001 /* Products */;
			projectDirPath = "";
			projectRoot = "";
			targets = (
				A1000040 /* Sudoku */,
				A1000140 /* SudokuWidgets */,
				A1000240 /* SudokuUITests */,
			);
		};
/* End PBXProject section */

/* Begin XCLocalSwiftPackageReference section */
		A1000053 /* XCLocalSwiftPackageReference "../Packages/SudokuUI" */ = {
			isa = XCLocalSwiftPackageReference;
			relativePath = ../Packages/SudokuUI;
		};
		A1000054 /* XCLocalSwiftPackageReference "../Packages/SudokuKit" */ = {
			isa = XCLocalSwiftPackageReference;
			relativePath = ../Packages/SudokuKit;
		};
		A1000056 /* XCLocalSwiftPackageReference "../Packages/SudokuGameCenter" */ = {
			isa = XCLocalSwiftPackageReference;
			relativePath = ../Packages/SudokuGameCenter;
		};
		A1000058 /* XCLocalSwiftPackageReference "../Packages/SudokuSync" */ = {
			isa = XCLocalSwiftPackageReference;
			relativePath = ../Packages/SudokuSync;
		};
/* End XCLocalSwiftPackageReference section */

/* Begin XCSwiftPackageProductDependency section */
		A1000051 /* SudokuUI */ = {
			isa = XCSwiftPackageProductDependency;
			productName = SudokuUI;
		};
		A1000052 /* SudokuKit */ = {
			isa = XCSwiftPackageProductDependency;
			productName = SudokuKit;
		};
		A1000123 /* SudokuKit */ = {
			isa = XCSwiftPackageProductDependency;
			productName = SudokuKit;
		};
		A1000055 /* SudokuGameCenter */ = {
			isa = XCSwiftPackageProductDependency;
			productName = SudokuGameCenter;
		};
		A1000057 /* SudokuSync */ = {
			isa = XCSwiftPackageProductDependency;
			productName = SudokuSync;
		};
/* End XCSwiftPackageProductDependency section */

/* Begin XCBuildConfiguration section */
		A1000071 /* Debug */ = {
			isa = XCBuildConfiguration;
			buildSettings = {
				CLANG_ENABLE_MODULES = YES;
				CLANG_ENABLE_OBJC_ARC = YES;
				COPY_PHASE_STRIP = NO;
				DEBUG_INFORMATION_FORMAT = dwarf;
				ENABLE_STRICT_OBJC_MSGSEND = YES;
				ENABLE_TESTABILITY = YES;
				GCC_OPTIMIZATION_LEVEL = 0;
				IPHONEOS_DEPLOYMENT_TARGET = 18.0;
				MACOSX_DEPLOYMENT_TARGET = 15.0;
				MTL_ENABLE_DEBUG_INFO = INCLUDE_SOURCE;
				ONLY_ACTIVE_ARCH = YES;
				SDKROOT = auto;
				SUPPORTED_PLATFORMS = "iphoneos iphonesimulator macosx appletvos appletvsimulator";
				SWIFT_ACTIVE_COMPILATION_CONDITIONS = "DEBUG $(inherited)";
				SWIFT_OPTIMIZATION_LEVEL = "-Onone";
				SWIFT_VERSION = 6.0;
				TVOS_DEPLOYMENT_TARGET = 18.0;
			};
			name = Debug;
		};
		A1000072 /* Release */ = {
			isa = XCBuildConfiguration;
			buildSettings = {
				CLANG_ENABLE_MODULES = YES;
				CLANG_ENABLE_OBJC_ARC = YES;
				COPY_PHASE_STRIP = NO;
				DEBUG_INFORMATION_FORMAT = "dwarf-with-dsym";
				ENABLE_NS_ASSERTIONS = NO;
				ENABLE_STRICT_OBJC_MSGSEND = YES;
				IPHONEOS_DEPLOYMENT_TARGET = 18.0;
				MACOSX_DEPLOYMENT_TARGET = 15.0;
				MTL_ENABLE_DEBUG_INFO = NO;
				SDKROOT = auto;
				SUPPORTED_PLATFORMS = "iphoneos iphonesimulator macosx appletvos appletvsimulator";
				SWIFT_COMPILATION_MODE = wholemodule;
				SWIFT_VERSION = 6.0;
				VALIDATE_PRODUCT = YES;
				TVOS_DEPLOYMENT_TARGET = 18.0;
			};
			name = Release;
		};
		A1000073 /* Debug */ = {
			isa = XCBuildConfiguration;
			buildSettings = {
				ASSETCATALOG_COMPILER_APPICON_NAME = AppIcon;
				"ASSETCATALOG_COMPILER_APPICON_NAME[sdk=appletv*]" = "App Icon & Top Shelf Image";
				ASSETCATALOG_COMPILER_GLOBAL_ACCENT_COLOR_NAME = AccentColor;
				CODE_SIGN_ENTITLEMENTS = "$(SUDOKU_ENTITLEMENTS)";
				CODE_SIGN_STYLE = Automatic;
				DEVELOPMENT_TEAM = JF8N3J347R;
				CURRENT_PROJECT_VERSION = 1;
				ENABLE_PREVIEWS = YES;
				GENERATE_INFOPLIST_FILE = NO;
				INFOPLIST_FILE = Info.plist;
				LD_RUNPATH_SEARCH_PATHS = (
					"$(inherited)",
					"@executable_path/Frameworks",
					"@executable_path/../Frameworks",
				);
				MARKETING_VERSION = 1.0;
				PRODUCT_BUNDLE_IDENTIFIER = com.hellweger.sudoku.app;
				PRODUCT_NAME = "$(TARGET_NAME)";
				SWIFT_EMIT_LOC_STRINGS = YES;
				TARGETED_DEVICE_FAMILY = "1,2,3";
			};
			name = Debug;
		};
		A1000074 /* Release */ = {
			isa = XCBuildConfiguration;
			buildSettings = {
				ASSETCATALOG_COMPILER_APPICON_NAME = AppIcon;
				"ASSETCATALOG_COMPILER_APPICON_NAME[sdk=appletv*]" = "App Icon & Top Shelf Image";
				ASSETCATALOG_COMPILER_GLOBAL_ACCENT_COLOR_NAME = AccentColor;
				CODE_SIGN_ENTITLEMENTS = Sudoku.entitlements;
				CODE_SIGN_STYLE = Automatic;
				DEVELOPMENT_TEAM = JF8N3J347R;
				CURRENT_PROJECT_VERSION = 1;
				ENABLE_PREVIEWS = YES;
				GENERATE_INFOPLIST_FILE = NO;
				INFOPLIST_FILE = Info.plist;
				LD_RUNPATH_SEARCH_PATHS = (
					"$(inherited)",
					"@executable_path/Frameworks",
					"@executable_path/../Frameworks",
				);
				MARKETING_VERSION = 1.0;
				PRODUCT_BUNDLE_IDENTIFIER = com.hellweger.sudoku.app;
				PRODUCT_NAME = "$(TARGET_NAME)";
				SWIFT_EMIT_LOC_STRINGS = YES;
				TARGETED_DEVICE_FAMILY = "1,2,3";
			};
			name = Release;
		};
		A1000161 /* Debug */ = {
			isa = XCBuildConfiguration;
			buildSettings = {
				CODE_SIGN_STYLE = Automatic;
				DEVELOPMENT_TEAM = JF8N3J347R;
				CURRENT_PROJECT_VERSION = 1;
				GENERATE_INFOPLIST_FILE = NO;
				INFOPLIST_FILE = SudokuWidgets/Info.plist;
				LD_RUNPATH_SEARCH_PATHS = (
					"$(inherited)",
					"@executable_path/Frameworks",
					"@executable_path/../../Frameworks",
				);
				MARKETING_VERSION = 1.0;
				PRODUCT_BUNDLE_IDENTIFIER = com.hellweger.sudoku.app.widgets;
				PRODUCT_NAME = "$(TARGET_NAME)";
				SKIP_INSTALL = YES;
				SWIFT_EMIT_LOC_STRINGS = YES;
				TARGETED_DEVICE_FAMILY = "1,2";
				SUPPORTED_PLATFORMS = "iphoneos iphonesimulator macosx";
			};
			name = Debug;
		};
		A1000162 /* Release */ = {
			isa = XCBuildConfiguration;
			buildSettings = {
				CODE_SIGN_STYLE = Automatic;
				DEVELOPMENT_TEAM = JF8N3J347R;
				CURRENT_PROJECT_VERSION = 1;
				GENERATE_INFOPLIST_FILE = NO;
				INFOPLIST_FILE = SudokuWidgets/Info.plist;
				LD_RUNPATH_SEARCH_PATHS = (
					"$(inherited)",
					"@executable_path/Frameworks",
					"@executable_path/../../Frameworks",
				);
				MARKETING_VERSION = 1.0;
				PRODUCT_BUNDLE_IDENTIFIER = com.hellweger.sudoku.app.widgets;
				PRODUCT_NAME = "$(TARGET_NAME)";
				SKIP_INSTALL = YES;
				SWIFT_EMIT_LOC_STRINGS = YES;
				TARGETED_DEVICE_FAMILY = "1,2";
				SUPPORTED_PLATFORMS = "iphoneos iphonesimulator macosx";
			};
			name = Release;
		};
		A1000261 /* Debug */ = {
			isa = XCBuildConfiguration;
			buildSettings = {
				CODE_SIGN_STYLE = Automatic;
				DEVELOPMENT_TEAM = JF8N3J347R;
				CURRENT_PROJECT_VERSION = 1;
				GENERATE_INFOPLIST_FILE = YES;
				MARKETING_VERSION = 1.0;
				PRODUCT_BUNDLE_IDENTIFIER = com.hellweger.sudoku.app.uitests;
				PRODUCT_NAME = "$(TARGET_NAME)";
				SUPPORTED_PLATFORMS = "iphoneos iphonesimulator macosx";
				SWIFT_EMIT_LOC_STRINGS = NO;
				TARGETED_DEVICE_FAMILY = "1,2";
				TEST_TARGET_NAME = Sudoku;
			};
			name = Debug;
		};
		A1000262 /* Release */ = {
			isa = XCBuildConfiguration;
			buildSettings = {
				CODE_SIGN_STYLE = Automatic;
				DEVELOPMENT_TEAM = JF8N3J347R;
				CURRENT_PROJECT_VERSION = 1;
				GENERATE_INFOPLIST_FILE = YES;
				MARKETING_VERSION = 1.0;
				PRODUCT_BUNDLE_IDENTIFIER = com.hellweger.sudoku.app.uitests;
				PRODUCT_NAME = "$(TARGET_NAME)";
				SUPPORTED_PLATFORMS = "iphoneos iphonesimulator macosx";
				SWIFT_EMIT_LOC_STRINGS = NO;
				TARGETED_DEVICE_FAMILY = "1,2";
				TEST_TARGET_NAME = Sudoku;
			};
			name = Release;
		};
/* End XCBuildConfiguration section */

/* Begin XCConfigurationList section */
		A1000081 /* Build configuration list for PBXProject "Sudoku" */ = {
			isa = XCConfigurationList;
			buildConfigurations = (
				A1000071 /* Debug */,
				A1000072 /* Release */,
			);
			defaultConfigurationIsVisible = 0;
			defaultConfigurationName = Release;
		};
		A1000082 /* Build configuration list for PBXNativeTarget "Sudoku" */ = {
			isa = XCConfigurationList;
			buildConfigurations = (
				A1000073 /* Debug */,
				A1000074 /* Release */,
			);
			defaultConfigurationIsVisible = 0;
			defaultConfigurationName = Release;
		};
		A1000160 /* Build configuration list for PBXNativeTarget "SudokuWidgets" */ = {
			isa = XCConfigurationList;
			buildConfigurations = (
				A1000161 /* Debug */,
				A1000162 /* Release */,
			);
			defaultConfigurationIsVisible = 0;
			defaultConfigurationName = Release;
		};
		A1000260 /* Build configuration list for PBXNativeTarget "SudokuUITests" */ = {
			isa = XCConfigurationList;
			buildConfigurations = (
				A1000261 /* Debug */,
				A1000262 /* Release */,
			);
			defaultConfigurationIsVisible = 0;
			defaultConfigurationName = Release;
		};
/* End XCConfigurationList section */
	};
	rootObject = A1000002 /* Project object */;
}
